PODS:
  - ElementaryCycles (0.2.0):
    - ElementaryCyclesSearch
  - ElementaryCyclesSearch (0.2.0)
  - Idioms (0.2.0)
  - ShellInterface (0.3.0)
  - SourcererArchiver (0.1.0):
    - Idioms
    - ShellInterface
  - SourcererRenderer (0.2.0):
    - SourcererTypes
  - SourcererTypes (0.2.0):
    - SourceryRuntime
  - SourcererUnarchiver (0.1.0):
    - SourceryRuntime
  - Sourcery (0.15.0)
  - SourceryRuntime (0.0.1)

DEPENDENCIES:
  - ElementaryCycles
  - SourcererArchiver (from `.`)
  - SourcererRenderer (from `.`)
  - SourcererTypes (from `.`)
  - SourcererUnarchiver (from `.`)
  - Sourcery
  - SourceryRuntime (from `.`)

SPEC REPOS:
  https://github.com/cocoapods/specs.git:
    - ElementaryCycles
    - ElementaryCyclesSearch
    - Idioms
    - ShellInterface
    - Sourcery

EXTERNAL SOURCES:
  SourcererArchiver:
    :path: "."
  SourcererRenderer:
    :path: "."
  SourcererTypes:
    :path: "."
  SourcererUnarchiver:
    :path: "."
  SourceryRuntime:
    :path: "."

SPEC CHECKSUMS:
  ElementaryCycles: 4b991d9eb88094f7589d7defa107821bccd10b38
  ElementaryCyclesSearch: e609decff2eb3eef8c2e61b42361de09536e3a37
  Idioms: 49ed93123f5cf9ecbbfce698b54467b176723adb
  ShellInterface: 84aad41857229d6730bb868f2e2d2764bdf1a09a
  SourcererArchiver: baa91f0b321ccddee255ea3668b7b2464ab644ac
  SourcererRenderer: 15af3849a68d3688a753dcc28c23774489e176f9
  SourcererTypes: d61ade3b4c8d27252faa60f21e01e119b5f7d9f0
  SourcererUnarchiver: 2cba00e491cb055e26df0fb698fa6987562fa25c
  Sourcery: 5895672cae353cdbfa95f3f4aaeb75a664d76f6a
  SourceryRuntime: ad8d38480ae6d106369beed550e5b620c0fb4d52

PODFILE CHECKSUM: cc067448023e87457a98ab299331cfbb16b989d2

COCOAPODS: 1.6.0.beta.2
