PODS:
  - ElementaryCycles (0.4.0):
    - ElementaryCyclesSearch
  - ElementaryCyclesSearch (0.4.0):
    - Idioms
  - Idioms (1.5.0)
  - ShellInterface (0.3.0)
  - SourcererArchiver (0.1.0):
    - Idioms
    - ShellInterface
  - SourcererRenderer (0.2.0):
    - SourcererTypes
  - SourcererTypes (0.2.0):
    - SourceryRuntime
  - SourcererUnarchiver (0.1.0):
    - SourceryRuntime
  - Sourcery (0.16.2)
  - SourceryRuntime (0.0.1)

DEPENDENCIES:
  - ElementaryCycles
  - SourcererArchiver (from `.`)
  - SourcererRenderer (from `.`)
  - SourcererTypes (from `.`)
  - SourcererUnarchiver (from `.`)
  - Sourcery
  - SourceryRuntime (from `.`)

SPEC REPOS:
  https://github.com/cocoapods/specs.git:
    - ElementaryCycles
    - ElementaryCyclesSearch
    - Idioms
    - ShellInterface
    - Sourcery

EXTERNAL SOURCES:
  SourcererArchiver:
    :path: "."
  SourcererRenderer:
    :path: "."
  SourcererTypes:
    :path: "."
  SourcererUnarchiver:
    :path: "."
  SourceryRuntime:
    :path: "."

SPEC CHECKSUMS:
  ElementaryCycles: 1743064ec6bfc064a12a4e1031933a0c56b5b8e1
  ElementaryCyclesSearch: 86eb598935152104324802bf16d68fa722bddc11
  Idioms: 1130a2ad5ff050c5dcaad6a749b3b282abb0378d
  ShellInterface: 84aad41857229d6730bb868f2e2d2764bdf1a09a
  SourcererArchiver: 643b9662eeed2c5bd85e18b54b59d572b591bff0
  SourcererRenderer: 4d9fa0a42e54da9a8a050e47b74a0c98e3347455
  SourcererTypes: c5b505d54a681d8178468e908aa3cf2493cb9dcd
  SourcererUnarchiver: 2ee23e529a16b9dd69ee49eeed41cc9a367074e5
  Sourcery: 3f406d227efd179773b3c3599ebd1700d1a6013c
  SourceryRuntime: f4cc0fe7357eecee1147bb7f1d5328114d03ea68

PODFILE CHECKSUM: cc067448023e87457a98ab299331cfbb16b989d2

COCOAPODS: 1.7.4
